
Microsoft Visual Studio Solution File, Format Version 12.00
# Visual Studio 15
VisualStudioVersion = 15.0.28307.572
MinimumVisualStudioVersion = 10.0.40219.1
Project("{FAE04EC0-301F-11D3-BF4B-00C04F79EFBC}") = "AMLv4_API", "AMLv4_API\AMLv4_API.csproj", "{D30EF082-F411-4C4C-895C-BEF211AAEBDD}"
EndProject
Global
	GlobalSection(SolutionConfigurationPlatforms) = preSolution
		Debug|Any CPU = Debug|Any CPU
		Release|Any CPU = Release|Any CPU
	EndGlobalSection
	GlobalSection(ProjectConfigurationPlatforms) = postSolution
		{D30EF082-F411-4C4C-895C-BEF211AAEBDD}.Debug|Any CPU.ActiveCfg = Debug|Any CPU
		{D30EF082-F411-4C4C-895C-BEF211AAEBDD}.Debug|Any CPU.Build.0 = Debug|Any CPU
		{D30EF082-F411-4C4C-895C-BEF211AAEBDD}.Release|Any CPU.ActiveCfg = Release|Any CPU
		{D30EF082-F411-4C4C-895C-BEF211AAEBDD}.Release|Any CPU.Build.0 = Release|Any CPU
	EndGlobalSection
	GlobalSection(SolutionProperties) = preSolution
		HideSolutionNode = FALSE
	EndGlobalSection
	GlobalSection(ExtensibilityGlobals) = postSolution
		SolutionGuid = {3227F469-666D-4F60-B8CF-4C49B725885B}
	EndGlobalSection
EndGlobal
